
Microsoft Visual Studio Solution File, Format Version 12.00
# Visual Studio Version 17
VisualStudioVersion = 17.10.34928.147
MinimumVisualStudioVersion = 10.0.40219.1
Project("{9A19103F-16F7-4668-BE54-9A1E7A4F7556}") = "laba12", "laba12\laba12.csproj", "{FDA79F3A-46E4-4155-967F-560110C00642}"
EndProject
Project("{9A19103F-16F7-4668-BE54-9A1E7A4F7556}") = "ClassLibrary12", "ClassLibrary12\ClassLibrary12.csproj", "{1FCE6AFD-8C11-4CF1-B191-651892CD1AB2}"
EndProject
Project("{FAE04EC0-301F-11D3-BF4B-00C04F79EFBC}") = "ClassLibrary12.Tests", "ClassLibrary12.Tests\ClassLibrary12.Tests.csproj", "{C02DBD15-633E-46F3-8413-20608599F4BE}"
EndProject
Global
	GlobalSection(SolutionConfigurationPlatforms) = preSolution
		Debug|Any CPU = Debug|Any CPU
		Release|Any CPU = Release|Any CPU
	EndGlobalSection
	GlobalSection(ProjectConfigurationPlatforms) = postSolution
		{FDA79F3A-46E4-4155-967F-560110C00642}.Debug|Any CPU.ActiveCfg = Debug|Any CPU
		{FDA79F3A-46E4-4155-967F-560110C00642}.Debug|Any CPU.Build.0 = Debug|Any CPU
		{FDA79F3A-46E4-4155-967F-560110C00642}.Release|Any CPU.ActiveCfg = Release|Any CPU
		{FDA79F3A-46E4-4155-967F-560110C00642}.Release|Any CPU.Build.0 = Release|Any CPU
		{1FCE6AFD-8C11-4CF1-B191-651892CD1AB2}.Debug|Any CPU.ActiveCfg = Debug|Any CPU
		{1FCE6AFD-8C11-4CF1-B191-651892CD1AB2}.Debug|Any CPU.Build.0 = Debug|Any CPU
		{1FCE6AFD-8C11-4CF1-B191-651892CD1AB2}.Release|Any CPU.ActiveCfg = Release|Any CPU
		{1FCE6AFD-8C11-4CF1-B191-651892CD1AB2}.Release|Any CPU.Build.0 = Release|Any CPU
		{C02DBD15-633E-46F3-8413-20608599F4BE}.Debug|Any CPU.ActiveCfg = Debug|Any CPU
		{C02DBD15-633E-46F3-8413-20608599F4BE}.Debug|Any CPU.Build.0 = Debug|Any CPU
		{C02DBD15-633E-46F3-8413-20608599F4BE}.Release|Any CPU.ActiveCfg = Release|Any CPU
		{C02DBD15-633E-46F3-8413-20608599F4BE}.Release|Any CPU.Build.0 = Release|Any CPU
	EndGlobalSection
	GlobalSection(SolutionProperties) = preSolution
		HideSolutionNode = FALSE
	EndGlobalSection
	GlobalSection(ExtensibilityGlobals) = postSolution
		SolutionGuid = {42C9F715-EBE6-4EDE-AC0F-AEC2D3CAFF20}
	EndGlobalSection
EndGlobal
